// !$*UTF8*$!
{
	archiveVersion = 1;
	classes = {
	};
	objectVersion = 56;
	objects = {

/* Begin PBXBuildFile section */
		A73647892C889CC300979509 /* AppDelegate.swift in Sources */ = {isa = PBXBuildFile; fileRef = A73647882C889CC300979509 /* AppDelegate.swift */; };
		A736478B2C889CC300979509 /* SceneDelegate.swift in Sources */ = {isa = PBXBuildFile; fileRef = A736478A2C889CC300979509 /* SceneDelegate.swift */; };
		A736478D2C889CC300979509 /* MainViewController.swift in Sources */ = {isa = PBXBuildFile; fileRef = A736478C2C889CC300979509 /* MainViewController.swift */; };
		A73647922C889CC900979509 /* Assets.xcassets in Resources */ = {isa = PBXBuildFile; fileRef = A73647912C889CC900979509 /* Assets.xcassets */; };
		A73647952C889CC900979509 /* LaunchScreen.storyboard in Resources */ = {isa = PBXBuildFile; fileRef = A73647932C889CC900979509 /* LaunchScreen.storyboard */; };
		A73647A22C88B2AA00979509 /* WeatherViewController.swift in Sources */ = {isa = PBXBuildFile; fileRef = A73647A12C88B2AA00979509 /* WeatherViewController.swift */; };
		A73647A62C8A338200979509 /* LocationController.swift in Sources */ = {isa = PBXBuildFile; fileRef = A73647A52C8A338200979509 /* LocationController.swift */; };
		A73647A82C8C704500979509 /* TicTacToeViewController.swift in Sources */ = {isa = PBXBuildFile; fileRef = A73647A72C8C704500979509 /* TicTacToeViewController.swift */; };
		A73647AA2C8C9E8300979509 /* MiniAppTableViewCell.swift in Sources */ = {isa = PBXBuildFile; fileRef = A73647A92C8C9E8300979509 /* MiniAppTableViewCell.swift */; };
		A73647AC2C8E076C00979509 /* LocationModel.swift in Sources */ = {isa = PBXBuildFile; fileRef = A73647AB2C8E076C00979509 /* LocationModel.swift */; };
		A73647AE2C8E086800979509 /* LocationView.swift in Sources */ = {isa = PBXBuildFile; fileRef = A73647AD2C8E086800979509 /* LocationView.swift */; };
		A73647B22C8E0B7100979509 /* WeatherModel.swift in Sources */ = {isa = PBXBuildFile; fileRef = A73647B12C8E0B7100979509 /* WeatherModel.swift */; };
		A73647B42C8E0B8000979509 /* WeatherView.swift in Sources */ = {isa = PBXBuildFile; fileRef = A73647B32C8E0B8000979509 /* WeatherView.swift */; };
		A73647B62C8E0C7A00979509 /* WeatherAPI.swift in Sources */ = {isa = PBXBuildFile; fileRef = A73647B52C8E0C7A00979509 /* WeatherAPI.swift */; };
/* End PBXBuildFile section */

/* Begin PBXFileReference section */
		A73647852C889CC300979509 /* MiniApps.app */ = {isa = PBXFileReference; explicitFileType = wrapper.application; includeInIndex = 0; path = MiniApps.app; sourceTree = BUILT_PRODUCTS_DIR; };
		A73647882C889CC300979509 /* AppDelegate.swift */ = {isa = PBXFileReference; lastKnownFileType = sourcecode.swift; path = AppDelegate.swift; sourceTree = "<group>"; };
		A736478A2C889CC300979509 /* SceneDelegate.swift */ = {isa = PBXFileReference; lastKnownFileType = sourcecode.swift; path = SceneDelegate.swift; sourceTree = "<group>"; };
		A736478C2C889CC300979509 /* MainViewController.swift */ = {isa = PBXFileReference; lastKnownFileType = sourcecode.swift; path = MainViewController.swift; sourceTree = "<group>"; };
		A73647912C889CC900979509 /* Assets.xcassets */ = {isa = PBXFileReference; lastKnownFileType = folder.assetcatalog; path = Assets.xcassets; sourceTree = "<group>"; };
		A73647942C889CC900979509 /* Base */ = {isa = PBXFileReference; lastKnownFileType = file.storyboard; name = Base; path = Base.lproj/LaunchScreen.storyboard; sourceTree = "<group>"; };
		A73647962C889CC900979509 /* Info.plist */ = {isa = PBXFileReference; lastKnownFileType = text.plist.xml; path = Info.plist; sourceTree = "<group>"; };
		A73647A12C88B2AA00979509 /* WeatherViewController.swift */ = {isa = PBXFileReference; lastKnownFileType = sourcecode.swift; path = WeatherViewController.swift; sourceTree = "<group>"; };
		A73647A52C8A338200979509 /* LocationController.swift */ = {isa = PBXFileReference; lastKnownFileType = sourcecode.swift; path = LocationController.swift; sourceTree = "<group>"; };
		A73647A72C8C704500979509 /* TicTacToeViewController.swift */ = {isa = PBXFileReference; lastKnownFileType = sourcecode.swift; path = TicTacToeViewController.swift; sourceTree = "<group>"; };
		A73647A92C8C9E8300979509 /* MiniAppTableViewCell.swift */ = {isa = PBXFileReference; lastKnownFileType = sourcecode.swift; path = MiniAppTableViewCell.swift; sourceTree = "<group>"; };
		A73647AB2C8E076C00979509 /* LocationModel.swift */ = {isa = PBXFileReference; lastKnownFileType = sourcecode.swift; path = LocationModel.swift; sourceTree = "<group>"; };
		A73647AD2C8E086800979509 /* LocationView.swift */ = {isa = PBXFileReference; lastKnownFileType = sourcecode.swift; path = LocationView.swift; sourceTree = "<group>"; };
		A73647B12C8E0B7100979509 /* WeatherModel.swift */ = {isa = PBXFileReference; lastKnownFileType = sourcecode.swift; path = WeatherModel.swift; sourceTree = "<group>"; };
		A73647B32C8E0B8000979509 /* WeatherView.swift */ = {isa = PBXFileReference; lastKnownFileType = sourcecode.swift; path = WeatherView.swift; sourceTree = "<group>"; };
		A73647B52C8E0C7A00979509 /* WeatherAPI.swift */ = {isa = PBXFileReference; lastKnownFileType = sourcecode.swift; path = WeatherAPI.swift; sourceTree = "<group>"; };
/* End PBXFileReference section */

/* Begin PBXFrameworksBuildPhase section */
		A73647822C889CC300979509 /* Frameworks */ = {
			isa = PBXFrameworksBuildPhase;
			buildActionMask = 2147483647;
			files = (
			);
			runOnlyForDeploymentPostprocessing = 0;
		};
/* End PBXFrameworksBuildPhase section */

/* Begin PBXGroup section */
		A736477C2C889CC300979509 = {
			isa = PBXGroup;
			children = (
				A73647872C889CC300979509 /* MiniApps */,
				A73647932C889CC900979509 /* LaunchScreen.storyboard */,
				A73647912C889CC900979509 /* Assets.xcassets */,
				A73647862C889CC300979509 /* Products */,
			);
			sourceTree = "<group>";
		};
		A73647862C889CC300979509 /* Products */ = {
			isa = PBXGroup;
			children = (
				A73647852C889CC300979509 /* MiniApps.app */,
			);
			name = Products;
			sourceTree = "<group>";
		};
		A73647872C889CC300979509 /* MiniApps */ = {
			isa = PBXGroup;
			children = (
				A73647962C889CC900979509 /* Info.plist */,
				A73647A02C88A31A00979509 /* App */,
				A73647A92C8C9E8300979509 /* MiniAppTableViewCell.swift */,
				A736478C2C889CC300979509 /* MainViewController.swift */,
				A73647B02C8E0B5C00979509 /* WeatherApp */,
				A73647AF2C8E08CC00979509 /* LocationApp */,
				A76731AA2C8E36BF00F8D4AF /* TicTacToeApp */,
			);
			path = MiniApps;
			sourceTree = "<group>";
		};
		A73647A02C88A31A00979509 /* App */ = {
			isa = PBXGroup;
			children = (
				A73647882C889CC300979509 /* AppDelegate.swift */,
				A736478A2C889CC300979509 /* SceneDelegate.swift */,
			);
			path = App;
			sourceTree = "<group>";
		};
		A73647AF2C8E08CC00979509 /* LocationApp */ = {
			isa = PBXGroup;
			children = (
				A73647AB2C8E076C00979509 /* LocationModel.swift */,
				A73647AD2C8E086800979509 /* LocationView.swift */,
				A73647A52C8A338200979509 /* LocationController.swift */,
			);
			path = LocationApp;
			sourceTree = "<group>";
		};
		A73647B02C8E0B5C00979509 /* WeatherApp */ = {
			isa = PBXGroup;
			children = (
				A73647B52C8E0C7A00979509 /* WeatherAPI.swift */,
				A73647B12C8E0B7100979509 /* WeatherModel.swift */,
				A73647B32C8E0B8000979509 /* WeatherView.swift */,
				A73647A12C88B2AA00979509 /* WeatherViewController.swift */,
			);
			path = WeatherApp;
			sourceTree = "<group>";
		};
		A76731AA2C8E36BF00F8D4AF /* TicTacToeApp */ = {
			isa = PBXGroup;
			children = (
				A73647A72C8C704500979509 /* TicTacToeViewController.swift */,
			);
			path = TicTacToeApp;
			sourceTree = "<group>";
		};
/* End PBXGroup section */

/* Begin PBXNativeTarget section */
		A73647842C889CC300979509 /* MiniApps */ = {
			isa = PBXNativeTarget;
			buildConfigurationList = A73647992C889CC900979509 /* Build configuration list for PBXNativeTarget "MiniApps" */;
			buildPhases = (
				A73647812C889CC300979509 /* Sources */,
				A73647822C889CC300979509 /* Frameworks */,
				A73647832C889CC300979509 /* Resources */,
			);
			buildRules = (
			);
			dependencies = (
			);
			name = MiniApps;
			productName = VKTech;
			productReference = A73647852C889CC300979509 /* MiniApps.app */;
			productType = "com.apple.product-type.application";
		};
/* End PBXNativeTarget section */

/* Begin PBXProject section */
		A736477D2C889CC300979509 /* Project object */ = {
			isa = PBXProject;
			attributes = {
				BuildIndependentTargetsInParallel = 1;
				LastSwiftUpdateCheck = 1430;
				LastUpgradeCheck = 1430;
				TargetAttributes = {
					A73647842C889CC300979509 = {
						CreatedOnToolsVersion = 14.3.1;
					};
				};
			};
			buildConfigurationList = A73647802C889CC300979509 /* Build configuration list for PBXProject "MiniApps" */;
			compatibilityVersion = "Xcode 14.0";
			developmentRegion = en;
			hasScannedForEncodings = 0;
			knownRegions = (
				en,
				Base,
			);
			mainGroup = A736477C2C889CC300979509;
			productRefGroup = A73647862C889CC300979509 /* Products */;
			projectDirPath = "";
			projectRoot = "";
			targets = (
				A73647842C889CC300979509 /* MiniApps */,
			);
		};
/* End PBXProject section */

/* Begin PBXResourcesBuildPhase section */
		A73647832C889CC300979509 /* Resources */ = {
			isa = PBXResourcesBuildPhase;
			buildActionMask = 2147483647;
			files = (
				A73647952C889CC900979509 /* LaunchScreen.storyboard in Resources */,
				A73647922C889CC900979509 /* Assets.xcassets in Resources */,
			);
			runOnlyForDeploymentPostprocessing = 0;
		};
/* End PBXResourcesBuildPhase section */

/* Begin PBXSourcesBuildPhase section */
		A73647812C889CC300979509 /* Sources */ = {
			isa = PBXSourcesBuildPhase;
			buildActionMask = 2147483647;
			files = (
				A73647B42C8E0B8000979509 /* WeatherView.swift in Sources */,
				A73647AC2C8E076C00979509 /* LocationModel.swift in Sources */,
				A73647A22C88B2AA00979509 /* WeatherViewController.swift in Sources */,
				A736478D2C889CC300979509 /* MainViewController.swift in Sources */,
				A73647892C889CC300979509 /* AppDelegate.swift in Sources */,
				A73647B22C8E0B7100979509 /* WeatherModel.swift in Sources */,
				A73647AA2C8C9E8300979509 /* MiniAppTableViewCell.swift in Sources */,
				A73647A82C8C704500979509 /* TicTacToeViewController.swift in Sources */,
				A73647A62C8A338200979509 /* LocationController.swift in Sources */,
				A73647B62C8E0C7A00979509 /* WeatherAPI.swift in Sources */,
				A73647AE2C8E086800979509 /* LocationView.swift in Sources */,
				A736478B2C889CC300979509 /* SceneDelegate.swift in Sources */,
			);
			runOnlyForDeploymentPostprocessing = 0;
		};
/* End PBXSourcesBuildPhase section */

/* Begin PBXVariantGroup section */
		A73647932C889CC900979509 /* LaunchScreen.storyboard */ = {
			isa = PBXVariantGroup;
			children = (
				A73647942C889CC900979509 /* Base */,
			);
			name = LaunchScreen.storyboard;
			sourceTree = "<group>";
		};
/* End PBXVariantGroup section */

/* Begin XCBuildConfiguration section */
		A73647972C889CC900979509 /* Debug */ = {
			isa = XCBuildConfiguration;
			buildSettings = {
				ALWAYS_SEARCH_USER_PATHS = NO;
				CLANG_ANALYZER_NONNULL = YES;
				CLANG_ANALYZER_NUMBER_OBJECT_CONVERSION = YES_AGGRESSIVE;
				CLANG_CXX_LANGUAGE_STANDARD = "gnu++20";
				CLANG_ENABLE_MODULES = YES;
				CLANG_ENABLE_OBJC_ARC = YES;
				CLANG_ENABLE_OBJC_WEAK = YES;
				CLANG_WARN_BLOCK_CAPTURE_AUTORELEASING = YES;
				CLANG_WARN_BOOL_CONVERSION = YES;
				CLANG_WARN_COMMA = YES;
				CLANG_WARN_CONSTANT_CONVERSION = YES;
				CLANG_WARN_DEPRECATED_OBJC_IMPLEMENTATIONS = YES;
				CLANG_WARN_DIRECT_OBJC_ISA_USAGE = YES_ERROR;
				CLANG_WARN_DOCUMENTATION_COMMENTS = YES;
				CLANG_WARN_EMPTY_BODY = YES;
				CLANG_WARN_ENUM_CONVERSION = YES;
				CLANG_WARN_INFINITE_RECURSION = YES;
				CLANG_WARN_INT_CONVERSION = YES;
				CLANG_WARN_NON_LITERAL_NULL_CONVERSION = YES;
				CLANG_WARN_OBJC_IMPLICIT_RETAIN_SELF = YES;
				CLANG_WARN_OBJC_LITERAL_CONVERSION = YES;
				CLANG_WARN_OBJC_ROOT_CLASS = YES_ERROR;
				CLANG_WARN_QUOTED_INCLUDE_IN_FRAMEWORK_HEADER = YES;
				CLANG_WARN_RANGE_LOOP_ANALYSIS = YES;
				CLANG_WARN_STRICT_PROTOTYPES = YES;
				CLANG_WARN_SUSPICIOUS_MOVE = YES;
				CLANG_WARN_UNGUARDED_AVAILABILITY = YES_AGGRESSIVE;
				CLANG_WARN_UNREACHABLE_CODE = YES;
				CLANG_WARN__DUPLICATE_METHOD_MATCH = YES;
				COPY_PHASE_STRIP = NO;
				DEBUG_INFORMATION_FORMAT = dwarf;
				ENABLE_STRICT_OBJC_MSGSEND = YES;
				ENABLE_TESTABILITY = YES;
				GCC_C_LANGUAGE_STANDARD = gnu11;
				GCC_DYNAMIC_NO_PIC = NO;
				GCC_NO_COMMON_BLOCKS = YES;
				GCC_OPTIMIZATION_LEVEL = 0;
				GCC_PREPROCESSOR_DEFINITIONS = (
					"DEBUG=1",
					"$(inherited)",
				);
				GCC_WARN_64_TO_32_BIT_CONVERSION = YES;
				GCC_WARN_ABOUT_RETURN_TYPE = YES_ERROR;
				GCC_WARN_UNDECLARED_SELECTOR = YES;
				GCC_WARN_UNINITIALIZED_AUTOS = YES_AGGRESSIVE;
				GCC_WARN_UNUSED_FUNCTION = YES;
				GCC_WARN_UNUSED_VARIABLE = YES;
				INFOPLIST_KEY_NSLocationAlwaysAndWhenInUseUsageDescription = "<key>NSLocationWhenInUseUsageDescription</key>\n<string>Your description here</string>";
				IPHONEOS_DEPLOYMENT_TARGET = 16.4;
				MTL_ENABLE_DEBUG_INFO = INCLUDE_SOURCE;
				MTL_FAST_MATH = YES;
				ONLY_ACTIVE_ARCH = YES;
				SDKROOT = iphoneos;
				SWIFT_ACTIVE_COMPILATION_CONDITIONS = DEBUG;
				SWIFT_OPTIMIZATION_LEVEL = "-Onone";
			};
			name = Debug;
		};
		A73647982C889CC900979509 /* Release */ = {
			isa = XCBuildConfiguration;
			buildSettings = {
				ALWAYS_SEARCH_USER_PATHS = NO;
				CLANG_ANALYZER_NONNULL = YES;
				CLANG_ANALYZER_NUMBER_OBJECT_CONVERSION = YES_AGGRESSIVE;
				CLANG_CXX_LANGUAGE_STANDARD = "gnu++20";
				CLANG_ENABLE_MODULES = YES;
				CLANG_ENABLE_OBJC_ARC = YES;
				CLANG_ENABLE_OBJC_WEAK = YES;
				CLANG_WARN_BLOCK_CAPTURE_AUTORELEASING = YES;
				CLANG_WARN_BOOL_CONVERSION = YES;
				CLANG_WARN_COMMA = YES;
				CLANG_WARN_CONSTANT_CONVERSION = YES;
				CLANG_WARN_DEPRECATED_OBJC_IMPLEMENTATIONS = YES;
				CLANG_WARN_DIRECT_OBJC_ISA_USAGE = YES_ERROR;
				CLANG_WARN_DOCUMENTATION_COMMENTS = YES;
				CLANG_WARN_EMPTY_BODY = YES;
				CLANG_WARN_ENUM_CONVERSION = YES;
				CLANG_WARN_INFINITE_RECURSION = YES;
				CLANG_WARN_INT_CONVERSION = YES;
				CLANG_WARN_NON_LITERAL_NULL_CONVERSION = YES;
				CLANG_WARN_OBJC_IMPLICIT_RETAIN_SELF = YES;
				CLANG_WARN_OBJC_LITERAL_CONVERSION = YES;
				CLANG_WARN_OBJC_ROOT_CLASS = YES_ERROR;
				CLANG_WARN_QUOTED_INCLUDE_IN_FRAMEWORK_HEADER = YES;
				CLANG_WARN_RANGE_LOOP_ANALYSIS = YES;
				CLANG_WARN_STRICT_PROTOTYPES = YES;
				CLANG_WARN_SUSPICIOUS_MOVE = YES;
				CLANG_WARN_UNGUARDED_AVAILABILITY = YES_AGGRESSIVE;
				CLANG_WARN_UNREACHABLE_CODE = YES;
				CLANG_WARN__DUPLICATE_METHOD_MATCH = YES;
				COPY_PHASE_STRIP = NO;
				DEBUG_INFORMATION_FORMAT = "dwarf-with-dsym";
				ENABLE_NS_ASSERTIONS = NO;
				ENABLE_STRICT_OBJC_MSGSEND = YES;
				GCC_C_LANGUAGE_STANDARD = gnu11;
				GCC_NO_COMMON_BLOCKS = YES;
				GCC_WARN_64_TO_32_BIT_CONVERSION = YES;
				GCC_WARN_ABOUT_RETURN_TYPE = YES_ERROR;
				GCC_WARN_UNDECLARED_SELECTOR = YES;
				GCC_WARN_UNINITIALIZED_AUTOS = YES_AGGRESSIVE;
				GCC_WARN_UNUSED_FUNCTION = YES;
				GCC_WARN_UNUSED_VARIABLE = YES;
				INFOPLIST_KEY_NSLocationAlwaysAndWhenInUseUsageDescription = "<key>NSLocationWhenInUseUsageDescription</key>\n<string>Your description here</string>";
				IPHONEOS_DEPLOYMENT_TARGET = 16.4;
				MTL_ENABLE_DEBUG_INFO = NO;
				MTL_FAST_MATH = YES;
				SDKROOT = iphoneos;
				SWIFT_COMPILATION_MODE = wholemodule;
				SWIFT_OPTIMIZATION_LEVEL = "-O";
				VALIDATE_PRODUCT = YES;
			};
			name = Release;
		};
		A736479A2C889CC900979509 /* Debug */ = {
			isa = XCBuildConfiguration;
			buildSettings = {
				ASSETCATALOG_COMPILER_APPICON_NAME = AppIcon;
				ASSETCATALOG_COMPILER_GLOBAL_ACCENT_COLOR_NAME = AccentColor;
				CODE_SIGN_STYLE = Automatic;
				CURRENT_PROJECT_VERSION = 1;
				DEVELOPMENT_TEAM = 7YHTMAQADT;
				GENERATE_INFOPLIST_FILE = YES;
				INFOPLIST_FILE = MiniApps/Info.plist;
				INFOPLIST_KEY_NSLocationAlwaysAndWhenInUseUsageDescription = "<key>NSLocationWhenInUseUsageDescription</key>\n<string>Your description here</string>";
				INFOPLIST_KEY_NSLocationWhenInUseUsageDescription = "This app needs access to your location to provide accurate weather information for your area.";
				INFOPLIST_KEY_UIApplicationSupportsIndirectInputEvents = YES;
				INFOPLIST_KEY_UILaunchStoryboardName = LaunchScreen;
				INFOPLIST_KEY_UISupportedInterfaceOrientations_iPad = "UIInterfaceOrientationPortrait UIInterfaceOrientationPortraitUpsideDown UIInterfaceOrientationLandscapeLeft UIInterfaceOrientationLandscapeRight";
				INFOPLIST_KEY_UISupportedInterfaceOrientations_iPhone = "UIInterfaceOrientationPortrait UIInterfaceOrientationLandscapeLeft UIInterfaceOrientationLandscapeRight";
				LD_RUNPATH_SEARCH_PATHS = (
					"$(inherited)",
					"@executable_path/Frameworks",
				);
				MARKETING_VERSION = 1.0;
				PRODUCT_BUNDLE_IDENTIFIER = "ru.valentina-popova.MiniApps";
				PRODUCT_NAME = "$(TARGET_NAME)";
				SWIFT_EMIT_LOC_STRINGS = YES;
				SWIFT_VERSION = 5.0;
				TARGETED_DEVICE_FAMILY = "1,2";
			};
			name = Debug;
		};
		A736479B2C889CC900979509 /* Release */ = {
			isa = XCBuildConfiguration;
			buildSettings = {
				ASSETCATALOG_COMPILER_APPICON_NAME = AppIcon;
				ASSETCATALOG_COMPILER_GLOBAL_ACCENT_COLOR_NAME = AccentColor;
				CODE_SIGN_STYLE = Automatic;
				CURRENT_PROJECT_VERSION = 1;
				DEVELOPMENT_TEAM = 7YHTMAQADT;
				GENERATE_INFOPLIST_FILE = YES;
				INFOPLIST_FILE = MiniApps/Info.plist;
				INFOPLIST_KEY_NSLocationAlwaysAndWhenInUseUsageDescription = "<key>NSLocationWhenInUseUsageDescription</key>\n<string>Your description here</string>";
				INFOPLIST_KEY_NSLocationWhenInUseUsageDescription = "This app needs access to your location to provide accurate weather information for your area.";
				INFOPLIST_KEY_UIApplicationSupportsIndirectInputEvents = YES;
				INFOPLIST_KEY_UILaunchStoryboardName = LaunchScreen;
				INFOPLIST_KEY_UISupportedInterfaceOrientations_iPad = "UIInterfaceOrientationPortrait UIInterfaceOrientationPortraitUpsideDown UIInterfaceOrientationLandscapeLeft UIInterfaceOrientationLandscapeRight";
				INFOPLIST_KEY_UISupportedInterfaceOrientations_iPhone = "UIInterfaceOrientationPortrait UIInterfaceOrientationLandscapeLeft UIInterfaceOrientationLandscapeRight";
				LD_RUNPATH_SEARCH_PATHS = (
					"$(inherited)",
					"@executable_path/Frameworks",
				);
				MARKETING_VERSION = 1.0;
				PRODUCT_BUNDLE_IDENTIFIER = "ru.valentina-popova.MiniApps";
				PRODUCT_NAME = "$(TARGET_NAME)";
				SWIFT_EMIT_LOC_STRINGS = YES;
				SWIFT_VERSION = 5.0;
				TARGETED_DEVICE_FAMILY = "1,2";
			};
			name = Release;
		};
/* End XCBuildConfiguration section */

/* Begin XCConfigurationList section */
		A73647802C889CC300979509 /* Build configuration list for PBXProject "MiniApps" */ = {
			isa = XCConfigurationList;
			buildConfigurations = (
				A73647972C889CC900979509 /* Debug */,
				A73647982C889CC900979509 /* Release */,
			);
			defaultConfigurationIsVisible = 0;
			defaultConfigurationName = Release;
		};
		A73647992C889CC900979509 /* Build configuration list for PBXNativeTarget "MiniApps" */ = {
			isa = XCConfigurationList;
			buildConfigurations = (
				A736479A2C889CC900979509 /* Debug */,
				A736479B2C889CC900979509 /* Release */,
			);
			defaultConfigurationIsVisible = 0;
			defaultConfigurationName = Release;
		};
/* End XCConfigurationList section */
	};
	rootObject = A736477D2C889CC300979509 /* Project object */;
}
